
Microsoft Visual Studio Solution File, Format Version 12.00
# Visual Studio Version 17
VisualStudioVersion = 17.4.33122.133
MinimumVisualStudioVersion = 10.0.40219.1
Project("{FAE04EC0-301F-11D3-BF4B-00C04F79EFBC}") = "Pustok Start", "Pustok Start\Pustok Start.csproj", "{0B9D67CE-5BCF-4F77-827A-55F883E4702A}"
EndProject
Global
	GlobalSection(SolutionConfigurationPlatforms) = preSolution
		Debug|Any CPU = Debug|Any CPU
		Release|Any CPU = Release|Any CPU
	EndGlobalSection
	GlobalSection(ProjectConfigurationPlatforms) = postSolution
		{0B9D67CE-5BCF-4F77-827A-55F883E4702A}.Debug|Any CPU.ActiveCfg = Debug|Any CPU
		{0B9D67CE-5BCF-4F77-827A-55F883E4702A}.Debug|Any CPU.Build.0 = Debug|Any CPU
		{0B9D67CE-5BCF-4F77-827A-55F883E4702A}.Release|Any CPU.ActiveCfg = Release|Any CPU
		{0B9D67CE-5BCF-4F77-827A-55F883E4702A}.Release|Any CPU.Build.0 = Release|Any CPU
	EndGlobalSection
	GlobalSection(SolutionProperties) = preSolution
		HideSolutionNode = FALSE
	EndGlobalSection
	GlobalSection(ExtensibilityGlobals) = postSolution
		SolutionGuid = {236C689D-1415-42D7-888E-E7EE63F8FFF2}
	EndGlobalSection
EndGlobal
